// !$*UTF8*$!
{
	archiveVersion = 1;
	classes = {
	};
	objectVersion = 50;
	objects = {

/* Begin PBXBuildFile section */
		010C27FD224296C300F670A3 /* test.json in Resources */ = {isa = PBXBuildFile; fileRef = 010C27FC224296C300F670A3 /* test.json */; };
		01A9E017226D53B300018D6C /* option1.swift in Sources */ = {isa = PBXBuildFile; fileRef = 01A9E016226D53B300018D6C /* option1.swift */; };
		01B6CD372225DAFB00A71469 /* AppDelegate.swift in Sources */ = {isa = PBXBuildFile; fileRef = 01B6CD362225DAFB00A71469 /* AppDelegate.swift */; };
		01B6CD3C2225DAFB00A71469 /* Main.storyboard in Resources */ = {isa = PBXBuildFile; fileRef = 01B6CD3A2225DAFB00A71469 /* Main.storyboard */; };
		01B6CD3E2225DAFC00A71469 /* Assets.xcassets in Resources */ = {isa = PBXBuildFile; fileRef = 01B6CD3D2225DAFC00A71469 /* Assets.xcassets */; };
		01B6CD412225DAFC00A71469 /* LaunchScreen.storyboard in Resources */ = {isa = PBXBuildFile; fileRef = 01B6CD3F2225DAFC00A71469 /* LaunchScreen.storyboard */; };
		01B6CD4C2225DAFC00A71469 /* GarmentGuideTESTTests.swift in Sources */ = {isa = PBXBuildFile; fileRef = 01B6CD4B2225DAFC00A71469 /* GarmentGuideTESTTests.swift */; };
		01D720B2226E382100D9621C /* libservercpp.a in Frameworks */ = {isa = PBXBuildFile; fileRef = 01D720A0226E382000D9621C /* libservercpp.a */; };
		01D720B4226E382100D9621C /* server.cpp in Sources */ = {isa = PBXBuildFile; fileRef = 01D720A2226E382000D9621C /* server.cpp */; };
		01D720B7226E382100D9621C /* wrapper.cpp in Sources */ = {isa = PBXBuildFile; fileRef = 01D720A5226E382100D9621C /* wrapper.cpp */; };
		01D720BC226E3AC600D9621C /* ViewController.swift in Sources */ = {isa = PBXBuildFile; fileRef = 01D720BB226E3AC600D9621C /* ViewController.swift */; };
		01D720BE226E4F6100D9621C /* beacon1.json in Resources */ = {isa = PBXBuildFile; fileRef = 01D720BD226E4F6100D9621C /* beacon1.json */; };
		01D720C8226E530200D9621C /* PathFinding.swift in Sources */ = {isa = PBXBuildFile; fileRef = 01D720BF226E530100D9621C /* PathFinding.swift */; };
		01D720C9226E530200D9621C /* BeaconScanner.swift in Sources */ = {isa = PBXBuildFile; fileRef = 01D720C0226E530100D9621C /* BeaconScanner.swift */; };
		01D720CA226E530200D9621C /* SwiftPriorityQueue.swift in Sources */ = {isa = PBXBuildFile; fileRef = 01D720C1226E530100D9621C /* SwiftPriorityQueue.swift */; };
		01D720CB226E530200D9621C /* zone.json in Resources */ = {isa = PBXBuildFile; fileRef = 01D720C2226E530100D9621C /* zone.json */; };
		01D720CD226E530200D9621C /* Eddystone.swift in Sources */ = {isa = PBXBuildFile; fileRef = 01D720C4226E530100D9621C /* Eddystone.swift */; };
		01D720CE226E530200D9621C /* Trilateration.swift in Sources */ = {isa = PBXBuildFile; fileRef = 01D720C5226E530100D9621C /* Trilateration.swift */; };
		01D720CF226E530200D9621C /* Zone.swift in Sources */ = {isa = PBXBuildFile; fileRef = 01D720C6226E530100D9621C /* Zone.swift */; };
		01D720D0226E530200D9621C /* DispatchTimer.swift in Sources */ = {isa = PBXBuildFile; fileRef = 01D720C7226E530100D9621C /* DispatchTimer.swift */; };
		01FE41EE222618FB0062E08C /* secondView.swift in Sources */ = {isa = PBXBuildFile; fileRef = 01FE41ED222618FB0062E08C /* secondView.swift */; };
		01FE41F0222621160062E08C /* thirdView.swift in Sources */ = {isa = PBXBuildFile; fileRef = 01FE41EF222621160062E08C /* thirdView.swift */; };
		01FE41F22226257A0062E08C /* fourthView.swift in Sources */ = {isa = PBXBuildFile; fileRef = 01FE41F12226257A0062E08C /* fourthView.swift */; };
/* End PBXBuildFile section */

/* Begin PBXContainerItemProxy section */
		01B6CD482225DAFC00A71469 /* PBXContainerItemProxy */ = {
			isa = PBXContainerItemProxy;
			containerPortal = 01B6CD2B2225DAFB00A71469 /* Project object */;
			proxyType = 1;
			remoteGlobalIDString = 01B6CD322225DAFB00A71469;
			remoteInfo = GarmentGuideTEST;
		};
/* End PBXContainerItemProxy section */

/* Begin PBXFileReference section */
		010C27FC224296C300F670A3 /* test.json */ = {isa = PBXFileReference; lastKnownFileType = text.json; path = test.json; sourceTree = "<group>"; };
		01A9E016226D53B300018D6C /* option1.swift */ = {isa = PBXFileReference; lastKnownFileType = sourcecode.swift; path = option1.swift; sourceTree = "<group>"; };
		01B6CD332225DAFB00A71469 /* GarmentGuideTEST.app */ = {isa = PBXFileReference; explicitFileType = wrapper.application; includeInIndex = 0; path = GarmentGuideTEST.app; sourceTree = BUILT_PRODUCTS_DIR; };
		01B6CD362225DAFB00A71469 /* AppDelegate.swift */ = {isa = PBXFileReference; lastKnownFileType = sourcecode.swift; path = AppDelegate.swift; sourceTree = "<group>"; };
		01B6CD3B2225DAFB00A71469 /* Base */ = {isa = PBXFileReference; lastKnownFileType = file.storyboard; name = Base; path = Base.lproj/Main.storyboard; sourceTree = "<group>"; };
		01B6CD3D2225DAFC00A71469 /* Assets.xcassets */ = {isa = PBXFileReference; lastKnownFileType = folder.assetcatalog; path = Assets.xcassets; sourceTree = "<group>"; };
		01B6CD402225DAFC00A71469 /* Base */ = {isa = PBXFileReference; lastKnownFileType = file.storyboard; name = Base; path = Base.lproj/LaunchScreen.storyboard; sourceTree = "<group>"; };
		01B6CD422225DAFC00A71469 /* Info.plist */ = {isa = PBXFileReference; lastKnownFileType = text.plist.xml; path = Info.plist; sourceTree = "<group>"; };
		01B6CD472225DAFC00A71469 /* GarmentGuideTESTTests.xctest */ = {isa = PBXFileReference; explicitFileType = wrapper.cfbundle; includeInIndex = 0; path = GarmentGuideTESTTests.xctest; sourceTree = BUILT_PRODUCTS_DIR; };
		01B6CD4B2225DAFC00A71469 /* GarmentGuideTESTTests.swift */ = {isa = PBXFileReference; lastKnownFileType = sourcecode.swift; path = GarmentGuideTESTTests.swift; sourceTree = "<group>"; };
		01B6CD4D2225DAFC00A71469 /* Info.plist */ = {isa = PBXFileReference; lastKnownFileType = text.plist.xml; path = Info.plist; sourceTree = "<group>"; };
		01D72095226E381F00D9621C /* GarmentGuideTEST-Bridging-Header.h */ = {isa = PBXFileReference; lastKnownFileType = sourcecode.c.h; path = "GarmentGuideTEST-Bridging-Header.h"; sourceTree = "<group>"; };
		01D7209B226E382000D9621C /* server.o */ = {isa = PBXFileReference; lastKnownFileType = "compiled.mach-o.objfile"; path = server.o; sourceTree = "<group>"; };
		01D720A0226E382000D9621C /* libservercpp.a */ = {isa = PBXFileReference; lastKnownFileType = archive.ar; path = libservercpp.a; sourceTree = "<group>"; };
		01D720A2226E382000D9621C /* server.cpp */ = {isa = PBXFileReference; fileEncoding = 4; lastKnownFileType = sourcecode.cpp.cpp; path = server.cpp; sourceTree = "<group>"; };
		01D720A5226E382100D9621C /* wrapper.cpp */ = {isa = PBXFileReference; fileEncoding = 4; lastKnownFileType = sourcecode.cpp.cpp; path = wrapper.cpp; sourceTree = "<group>"; };
		01D720A8226E382100D9621C /* server.h */ = {isa = PBXFileReference; fileEncoding = 4; lastKnownFileType = sourcecode.c.h; path = server.h; sourceTree = "<group>"; };
		01D720BB226E3AC600D9621C /* ViewController.swift */ = {isa = PBXFileReference; fileEncoding = 4; lastKnownFileType = sourcecode.swift; path = ViewController.swift; sourceTree = "<group>"; };
		01D720BD226E4F6100D9621C /* beacon1.json */ = {isa = PBXFileReference; fileEncoding = 4; lastKnownFileType = text.json; path = beacon1.json; sourceTree = "<group>"; };
		01D720BF226E530100D9621C /* PathFinding.swift */ = {isa = PBXFileReference; fileEncoding = 4; lastKnownFileType = sourcecode.swift; path = PathFinding.swift; sourceTree = "<group>"; };
		01D720C0226E530100D9621C /* BeaconScanner.swift */ = {isa = PBXFileReference; fileEncoding = 4; lastKnownFileType = sourcecode.swift; path = BeaconScanner.swift; sourceTree = "<group>"; };
		01D720C1226E530100D9621C /* SwiftPriorityQueue.swift */ = {isa = PBXFileReference; fileEncoding = 4; lastKnownFileType = sourcecode.swift; path = SwiftPriorityQueue.swift; sourceTree = "<group>"; };
		01D720C2226E530100D9621C /* zone.json */ = {isa = PBXFileReference; fileEncoding = 4; lastKnownFileType = text.json; path = zone.json; sourceTree = "<group>"; };
		01D720C4226E530100D9621C /* Eddystone.swift */ = {isa = PBXFileReference; fileEncoding = 4; lastKnownFileType = sourcecode.swift; path = Eddystone.swift; sourceTree = "<group>"; };
		01D720C5226E530100D9621C /* Trilateration.swift */ = {isa = PBXFileReference; fileEncoding = 4; lastKnownFileType = sourcecode.swift; path = Trilateration.swift; sourceTree = "<group>"; };
		01D720C6226E530100D9621C /* Zone.swift */ = {isa = PBXFileReference; fileEncoding = 4; lastKnownFileType = sourcecode.swift; path = Zone.swift; sourceTree = "<group>"; };
		01D720C7226E530100D9621C /* DispatchTimer.swift */ = {isa = PBXFileReference; fileEncoding = 4; lastKnownFileType = sourcecode.swift; path = DispatchTimer.swift; sourceTree = "<group>"; };
		01FE41ED222618FB0062E08C /* secondView.swift */ = {isa = PBXFileReference; lastKnownFileType = sourcecode.swift; path = secondView.swift; sourceTree = "<group>"; };
		01FE41EF222621160062E08C /* thirdView.swift */ = {isa = PBXFileReference; lastKnownFileType = sourcecode.swift; path = thirdView.swift; sourceTree = "<group>"; };
		01FE41F12226257A0062E08C /* fourthView.swift */ = {isa = PBXFileReference; lastKnownFileType = sourcecode.swift; path = fourthView.swift; sourceTree = "<group>"; };
/* End PBXFileReference section */

/* Begin PBXFrameworksBuildPhase section */
		01B6CD302225DAFB00A71469 /* Frameworks */ = {
			isa = PBXFrameworksBuildPhase;
			buildActionMask = 2147483647;
			files = (
				01D720B2226E382100D9621C /* libservercpp.a in Frameworks */,
			);
			runOnlyForDeploymentPostprocessing = 0;
		};
		01B6CD442225DAFC00A71469 /* Frameworks */ = {
			isa = PBXFrameworksBuildPhase;
			buildActionMask = 2147483647;
			files = (
			);
			runOnlyForDeploymentPostprocessing = 0;
		};
/* End PBXFrameworksBuildPhase section */

/* Begin PBXGroup section */
		01B6CD2A2225DAFB00A71469 = {
			isa = PBXGroup;
			children = (
				01B6CD352225DAFB00A71469 /* GarmentGuideTEST */,
				01B6CD4A2225DAFC00A71469 /* GarmentGuideTESTTests */,
				01B6CD342225DAFB00A71469 /* Products */,
				01D720BA226E39CB00D9621C /* Frameworks */,
			);
			sourceTree = "<group>";
		};
		01B6CD342225DAFB00A71469 /* Products */ = {
			isa = PBXGroup;
			children = (
				01B6CD332225DAFB00A71469 /* GarmentGuideTEST.app */,
				01B6CD472225DAFC00A71469 /* GarmentGuideTESTTests.xctest */,
			);
			name = Products;
			sourceTree = "<group>";
		};
		01B6CD352225DAFB00A71469 /* GarmentGuideTEST */ = {
			isa = PBXGroup;
			children = (
				01D720C0226E530100D9621C /* BeaconScanner.swift */,
				01D720C7226E530100D9621C /* DispatchTimer.swift */,
				01D720C4226E530100D9621C /* Eddystone.swift */,
				01D720BF226E530100D9621C /* PathFinding.swift */,
				01D720C1226E530100D9621C /* SwiftPriorityQueue.swift */,
				01D720C5226E530100D9621C /* Trilateration.swift */,
				01D720C2226E530100D9621C /* zone.json */,
				01D720C6226E530100D9621C /* Zone.swift */,
				01D720BD226E4F6100D9621C /* beacon1.json */,
				01D720BB226E3AC600D9621C /* ViewController.swift */,
				01D720A0226E382000D9621C /* libservercpp.a */,
				01D720A2226E382000D9621C /* server.cpp */,
				01D720A8226E382100D9621C /* server.h */,
				01D7209B226E382000D9621C /* server.o */,
				01D720A5226E382100D9621C /* wrapper.cpp */,
				01B6CD362225DAFB00A71469 /* AppDelegate.swift */,
				01FE41EF222621160062E08C /* thirdView.swift */,
				01FE41F12226257A0062E08C /* fourthView.swift */,
				01FE41ED222618FB0062E08C /* secondView.swift */,
				01B6CD3A2225DAFB00A71469 /* Main.storyboard */,
				01B6CD3D2225DAFC00A71469 /* Assets.xcassets */,
				01B6CD3F2225DAFC00A71469 /* LaunchScreen.storyboard */,
				01B6CD422225DAFC00A71469 /* Info.plist */,
				010C27FC224296C300F670A3 /* test.json */,
				01A9E016226D53B300018D6C /* option1.swift */,
				01D72095226E381F00D9621C /* GarmentGuideTEST-Bridging-Header.h */,
			);
			path = GarmentGuideTEST;
			sourceTree = "<group>";
		};
		01B6CD4A2225DAFC00A71469 /* GarmentGuideTESTTests */ = {
			isa = PBXGroup;
			children = (
				01B6CD4B2225DAFC00A71469 /* GarmentGuideTESTTests.swift */,
				01B6CD4D2225DAFC00A71469 /* Info.plist */,
			);
			path = GarmentGuideTESTTests;
			sourceTree = "<group>";
		};
		01D720BA226E39CB00D9621C /* Frameworks */ = {
			isa = PBXGroup;
			children = (
			);
			name = Frameworks;
			sourceTree = "<group>";
		};
/* End PBXGroup section */

/* Begin PBXNativeTarget section */
		01B6CD322225DAFB00A71469 /* GarmentGuideTEST */ = {
			isa = PBXNativeTarget;
			buildConfigurationList = 01B6CD502225DAFC00A71469 /* Build configuration list for PBXNativeTarget "GarmentGuideTEST" */;
			buildPhases = (
				01B6CD2F2225DAFB00A71469 /* Sources */,
				01B6CD302225DAFB00A71469 /* Frameworks */,
				01B6CD312225DAFB00A71469 /* Resources */,
			);
			buildRules = (
			);
			dependencies = (
			);
			name = GarmentGuideTEST;
			productName = GarmentGuideTEST;
			productReference = 01B6CD332225DAFB00A71469 /* GarmentGuideTEST.app */;
			productType = "com.apple.product-type.application";
		};
		01B6CD462225DAFC00A71469 /* GarmentGuideTESTTests */ = {
			isa = PBXNativeTarget;
			buildConfigurationList = 01B6CD532225DAFC00A71469 /* Build configuration list for PBXNativeTarget "GarmentGuideTESTTests" */;
			buildPhases = (
				01B6CD432225DAFC00A71469 /* Sources */,
				01B6CD442225DAFC00A71469 /* Frameworks */,
				01B6CD452225DAFC00A71469 /* Resources */,
			);
			buildRules = (
			);
			dependencies = (
				01B6CD492225DAFC00A71469 /* PBXTargetDependency */,
			);
			name = GarmentGuideTESTTests;
			productName = GarmentGuideTESTTests;
			productReference = 01B6CD472225DAFC00A71469 /* GarmentGuideTESTTests.xctest */;
			productType = "com.apple.product-type.bundle.unit-test";
		};
/* End PBXNativeTarget section */

/* Begin PBXProject section */
		01B6CD2B2225DAFB00A71469 /* Project object */ = {
			isa = PBXProject;
			attributes = {
				LastSwiftUpdateCheck = 1010;
				LastUpgradeCheck = 1010;
				ORGANIZATIONNAME = "Alejandra Sandoval";
				TargetAttributes = {
					01B6CD322225DAFB00A71469 = {
						CreatedOnToolsVersion = 10.1;
						LastSwiftMigration = 1020;
					};
					01B6CD462225DAFC00A71469 = {
						CreatedOnToolsVersion = 10.1;
						TestTargetID = 01B6CD322225DAFB00A71469;
					};
				};
			};
			buildConfigurationList = 01B6CD2E2225DAFB00A71469 /* Build configuration list for PBXProject "GarmentGuideTEST" */;
			compatibilityVersion = "Xcode 9.3";
			developmentRegion = en;
			hasScannedForEncodings = 0;
			knownRegions = (
				en,
				Base,
			);
			mainGroup = 01B6CD2A2225DAFB00A71469;
			productRefGroup = 01B6CD342225DAFB00A71469 /* Products */;
			projectDirPath = "";
			projectRoot = "";
			targets = (
				01B6CD322225DAFB00A71469 /* GarmentGuideTEST */,
				01B6CD462225DAFC00A71469 /* GarmentGuideTESTTests */,
			);
		};
/* End PBXProject section */

/* Begin PBXResourcesBuildPhase section */
		01B6CD312225DAFB00A71469 /* Resources */ = {
			isa = PBXResourcesBuildPhase;
			buildActionMask = 2147483647;
			files = (
				01B6CD412225DAFC00A71469 /* LaunchScreen.storyboard in Resources */,
				01D720CB226E530200D9621C /* zone.json in Resources */,
				010C27FD224296C300F670A3 /* test.json in Resources */,
				01B6CD3E2225DAFC00A71469 /* Assets.xcassets in Resources */,
				01B6CD3C2225DAFB00A71469 /* Main.storyboard in Resources */,
				01D720BE226E4F6100D9621C /* beacon1.json in Resources */,
			);
			runOnlyForDeploymentPostprocessing = 0;
		};
		01B6CD452225DAFC00A71469 /* Resources */ = {
			isa = PBXResourcesBuildPhase;
			buildActionMask = 2147483647;
			files = (
			);
			runOnlyForDeploymentPostprocessing = 0;
		};
/* End PBXResourcesBuildPhase section */

/* Begin PBXSourcesBuildPhase section */
		01B6CD2F2225DAFB00A71469 /* Sources */ = {
			isa = PBXSourcesBuildPhase;
			buildActionMask = 2147483647;
			files = (
				01A9E017226D53B300018D6C /* option1.swift in Sources */,
				01D720CD226E530200D9621C /* Eddystone.swift in Sources */,
				01D720CF226E530200D9621C /* Zone.swift in Sources */,
				01FE41F0222621160062E08C /* thirdView.swift in Sources */,
				01D720C9226E530200D9621C /* BeaconScanner.swift in Sources */,
				01D720CA226E530200D9621C /* SwiftPriorityQueue.swift in Sources */,
				01FE41EE222618FB0062E08C /* secondView.swift in Sources */,
				01D720BC226E3AC600D9621C /* ViewController.swift in Sources */,
				01D720CE226E530200D9621C /* Trilateration.swift in Sources */,
				01D720B7226E382100D9621C /* wrapper.cpp in Sources */,
				01D720C8226E530200D9621C /* PathFinding.swift in Sources */,
				01B6CD372225DAFB00A71469 /* AppDelegate.swift in Sources */,
				01FE41F22226257A0062E08C /* fourthView.swift in Sources */,
				01D720B4226E382100D9621C /* server.cpp in Sources */,
				01D720D0226E530200D9621C /* DispatchTimer.swift in Sources */,
			);
			runOnlyForDeploymentPostprocessing = 0;
		};
		01B6CD432225DAFC00A71469 /* Sources */ = {
			isa = PBXSourcesBuildPhase;
			buildActionMask = 2147483647;
			files = (
				01B6CD4C2225DAFC00A71469 /* GarmentGuideTESTTests.swift in Sources */,
			);
			runOnlyForDeploymentPostprocessing = 0;
		};
/* End PBXSourcesBuildPhase section */

/* Begin PBXTargetDependency section */
		01B6CD492225DAFC00A71469 /* PBXTargetDependency */ = {
			isa = PBXTargetDependency;
			target = 01B6CD322225DAFB00A71469 /* GarmentGuideTEST */;
			targetProxy = 01B6CD482225DAFC00A71469 /* PBXContainerItemProxy */;
		};
/* End PBXTargetDependency section */

/* Begin PBXVariantGroup section */
		01B6CD3A2225DAFB00A71469 /* Main.storyboard */ = {
			isa = PBXVariantGroup;
			children = (
				01B6CD3B2225DAFB00A71469 /* Base */,
			);
			name = Main.storyboard;
			sourceTree = "<group>";
		};
		01B6CD3F2225DAFC00A71469 /* LaunchScreen.storyboard */ = {
			isa = PBXVariantGroup;
			children = (
				01B6CD402225DAFC00A71469 /* Base */,
			);
			name = LaunchScreen.storyboard;
			sourceTree = "<group>";
		};
/* End PBXVariantGroup section */

/* Begin XCBuildConfiguration section */
		01B6CD4E2225DAFC00A71469 /* Debug */ = {
			isa = XCBuildConfiguration;
			buildSettings = {
				ALWAYS_SEARCH_USER_PATHS = NO;
				CLANG_ANALYZER_NONNULL = YES;
				CLANG_ANALYZER_NUMBER_OBJECT_CONVERSION = YES_AGGRESSIVE;
				CLANG_CXX_LANGUAGE_STANDARD = "gnu++14";
				CLANG_CXX_LIBRARY = "libc++";
				CLANG_ENABLE_MODULES = YES;
				CLANG_ENABLE_OBJC_ARC = YES;
				CLANG_ENABLE_OBJC_WEAK = YES;
				CLANG_WARN_BLOCK_CAPTURE_AUTORELEASING = YES;
				CLANG_WARN_BOOL_CONVERSION = YES;
				CLANG_WARN_COMMA = YES;
				CLANG_WARN_CONSTANT_CONVERSION = YES;
				CLANG_WARN_DEPRECATED_OBJC_IMPLEMENTATIONS = YES;
				CLANG_WARN_DIRECT_OBJC_ISA_USAGE = YES_ERROR;
				CLANG_WARN_DOCUMENTATION_COMMENTS = YES;
				CLANG_WARN_EMPTY_BODY = YES;
				CLANG_WARN_ENUM_CONVERSION = YES;
				CLANG_WARN_INFINITE_RECURSION = YES;
				CLANG_WARN_INT_CONVERSION = YES;
				CLANG_WARN_NON_LITERAL_NULL_CONVERSION = YES;
				CLANG_WARN_OBJC_IMPLICIT_RETAIN_SELF = YES;
				CLANG_WARN_OBJC_LITERAL_CONVERSION = YES;
				CLANG_WARN_OBJC_ROOT_CLASS = YES_ERROR;
				CLANG_WARN_RANGE_LOOP_ANALYSIS = YES;
				CLANG_WARN_STRICT_PROTOTYPES = YES;
				CLANG_WARN_SUSPICIOUS_MOVE = YES;
				CLANG_WARN_UNGUARDED_AVAILABILITY = YES_AGGRESSIVE;
				CLANG_WARN_UNREACHABLE_CODE = YES;
				CLANG_WARN__DUPLICATE_METHOD_MATCH = YES;
				CODE_SIGN_IDENTITY = "iPhone Developer";
				COPY_PHASE_STRIP = NO;
				DEBUG_INFORMATION_FORMAT = dwarf;
				ENABLE_STRICT_OBJC_MSGSEND = YES;
				ENABLE_TESTABILITY = YES;
				GCC_C_LANGUAGE_STANDARD = gnu11;
				GCC_DYNAMIC_NO_PIC = NO;
				GCC_NO_COMMON_BLOCKS = YES;
				GCC_OPTIMIZATION_LEVEL = 0;
				GCC_PREPROCESSOR_DEFINITIONS = (
					"DEBUG=1",
					"$(inherited)",
				);
				GCC_WARN_64_TO_32_BIT_CONVERSION = YES;
				GCC_WARN_ABOUT_RETURN_TYPE = YES_ERROR;
				GCC_WARN_UNDECLARED_SELECTOR = YES;
				GCC_WARN_UNINITIALIZED_AUTOS = YES_AGGRESSIVE;
				GCC_WARN_UNUSED_FUNCTION = YES;
				GCC_WARN_UNUSED_VARIABLE = YES;
				IPHONEOS_DEPLOYMENT_TARGET = 12.1;
				MTL_ENABLE_DEBUG_INFO = INCLUDE_SOURCE;
				MTL_FAST_MATH = YES;
				ONLY_ACTIVE_ARCH = YES;
				SDKROOT = iphoneos;
				SWIFT_ACTIVE_COMPILATION_CONDITIONS = DEBUG;
				SWIFT_OPTIMIZATION_LEVEL = "-Onone";
			};
			name = Debug;
		};
		01B6CD4F2225DAFC00A71469 /* Release */ = {
			isa = XCBuildConfiguration;
			buildSettings = {
				ALWAYS_SEARCH_USER_PATHS = NO;
				CLANG_ANALYZER_NONNULL = YES;
				CLANG_ANALYZER_NUMBER_OBJECT_CONVERSION = YES_AGGRESSIVE;
				CLANG_CXX_LANGUAGE_STANDARD = "gnu++14";
				CLANG_CXX_LIBRARY = "libc++";
				CLANG_ENABLE_MODULES = YES;
				CLANG_ENABLE_OBJC_ARC = YES;
				CLANG_ENABLE_OBJC_WEAK = YES;
				CLANG_WARN_BLOCK_CAPTURE_AUTORELEASING = YES;
				CLANG_WARN_BOOL_CONVERSION = YES;
				CLANG_WARN_COMMA = YES;
				CLANG_WARN_CONSTANT_CONVERSION = YES;
				CLANG_WARN_DEPRECATED_OBJC_IMPLEMENTATIONS = YES;
				CLANG_WARN_DIRECT_OBJC_ISA_USAGE = YES_ERROR;
				CLANG_WARN_DOCUMENTATION_COMMENTS = YES;
				CLANG_WARN_EMPTY_BODY = YES;
				CLANG_WARN_ENUM_CONVERSION = YES;
				CLANG_WARN_INFINITE_RECURSION = YES;
				CLANG_WARN_INT_CONVERSION = YES;
				CLANG_WARN_NON_LITERAL_NULL_CONVERSION = YES;
				CLANG_WARN_OBJC_IMPLICIT_RETAIN_SELF = YES;
				CLANG_WARN_OBJC_LITERAL_CONVERSION = YES;
				CLANG_WARN_OBJC_ROOT_CLASS = YES_ERROR;
				CLANG_WARN_RANGE_LOOP_ANALYSIS = YES;
				CLANG_WARN_STRICT_PROTOTYPES = YES;
				CLANG_WARN_SUSPICIOUS_MOVE = YES;
				CLANG_WARN_UNGUARDED_AVAILABILITY = YES_AGGRESSIVE;
				CLANG_WARN_UNREACHABLE_CODE = YES;
				CLANG_WARN__DUPLICATE_METHOD_MATCH = YES;
				CODE_SIGN_IDENTITY = "iPhone Developer";
				COPY_PHASE_STRIP = NO;
				DEBUG_INFORMATION_FORMAT = "dwarf-with-dsym";
				ENABLE_NS_ASSERTIONS = NO;
				ENABLE_STRICT_OBJC_MSGSEND = YES;
				GCC_C_LANGUAGE_STANDARD = gnu11;
				GCC_NO_COMMON_BLOCKS = YES;
				GCC_WARN_64_TO_32_BIT_CONVERSION = YES;
				GCC_WARN_ABOUT_RETURN_TYPE = YES_ERROR;
				GCC_WARN_UNDECLARED_SELECTOR = YES;
				GCC_WARN_UNINITIALIZED_AUTOS = YES_AGGRESSIVE;
				GCC_WARN_UNUSED_FUNCTION = YES;
				GCC_WARN_UNUSED_VARIABLE = YES;
				IPHONEOS_DEPLOYMENT_TARGET = 12.1;
				MTL_ENABLE_DEBUG_INFO = NO;
				MTL_FAST_MATH = YES;
				SDKROOT = iphoneos;
				SWIFT_COMPILATION_MODE = wholemodule;
				SWIFT_OPTIMIZATION_LEVEL = "-O";
				VALIDATE_PRODUCT = YES;
			};
			name = Release;
		};
		01B6CD512225DAFC00A71469 /* Debug */ = {
			isa = XCBuildConfiguration;
			buildSettings = {
				ASSETCATALOG_COMPILER_APPICON_NAME = AppIcon;
				CLANG_ENABLE_MODULES = YES;
				CODE_SIGN_STYLE = Automatic;
				DEVELOPMENT_TEAM = T5VVU32XSN;
				INFOPLIST_FILE = GarmentGuideTEST/Info.plist;
				LD_RUNPATH_SEARCH_PATHS = (
					"$(inherited)",
					"@executable_path/Frameworks",
				);
				LIBRARY_SEARCH_PATHS = (
					"$(inherited)",
					"$(PROJECT_DIR)/GarmentGuideTEST",
				);
				PRODUCT_BUNDLE_IDENTIFIER = com.alejandra.GarmentGuideTEST;
				PRODUCT_NAME = "$(TARGET_NAME)";
				SWIFT_OBJC_BRIDGING_HEADER = "GarmentGuideTEST/GarmentGuideTEST-Bridging-Header.h";
				SWIFT_OPTIMIZATION_LEVEL = "-Onone";
				SWIFT_VERSION = 4.2;
				TARGETED_DEVICE_FAMILY = "1,2";
			};
			name = Debug;
		};
		01B6CD522225DAFC00A71469 /* Release */ = {
			isa = XCBuildConfiguration;
			buildSettings = {
				ASSETCATALOG_COMPILER_APPICON_NAME = AppIcon;
				CLANG_ENABLE_MODULES = YES;
				CODE_SIGN_STYLE = Automatic;
				DEVELOPMENT_TEAM = T5VVU32XSN;
				INFOPLIST_FILE = GarmentGuideTEST/Info.plist;
				LD_RUNPATH_SEARCH_PATHS = (
					"$(inherited)",
					"@executable_path/Frameworks",
				);
				LIBRARY_SEARCH_PATHS = (
					"$(inherited)",
					"$(PROJECT_DIR)/GarmentGuideTEST",
				);
				PRODUCT_BUNDLE_IDENTIFIER = com.alejandra.GarmentGuideTEST;
				PRODUCT_NAME = "$(TARGET_NAME)";
				SWIFT_OBJC_BRIDGING_HEADER = "GarmentGuideTEST/GarmentGuideTEST-Bridging-Header.h";
				SWIFT_VERSION = 4.2;
				TARGETED_DEVICE_FAMILY = "1,2";
			};
			name = Release;
		};
		01B6CD542225DAFC00A71469 /* Debug */ = {
			isa = XCBuildConfiguration;
			buildSettings = {
				ALWAYS_EMBED_SWIFT_STANDARD_LIBRARIES = YES;
				BUNDLE_LOADER = "$(TEST_HOST)";
				CODE_SIGN_STYLE = Automatic;
				DEVELOPMENT_TEAM = "";
				INFOPLIST_FILE = GarmentGuideTESTTests/Info.plist;
				LD_RUNPATH_SEARCH_PATHS = (
					"$(inherited)",
					"@executable_path/Frameworks",
					"@loader_path/Frameworks",
				);
				PRODUCT_BUNDLE_IDENTIFIER = com.alejandra.GarmentGuideTESTTests;
				PRODUCT_NAME = "$(TARGET_NAME)";
				SWIFT_VERSION = 4.2;
				TARGETED_DEVICE_FAMILY = "1,2";
				TEST_HOST = "$(BUILT_PRODUCTS_DIR)/GarmentGuideTEST.app/GarmentGuideTEST";
			};
			name = Debug;
		};
		01B6CD552225DAFC00A71469 /* Release */ = {
			isa = XCBuildConfiguration;
			buildSettings = {
				ALWAYS_EMBED_SWIFT_STANDARD_LIBRARIES = YES;
				BUNDLE_LOADER = "$(TEST_HOST)";
				CODE_SIGN_STYLE = Automatic;
				DEVELOPMENT_TEAM = "";
				INFOPLIST_FILE = GarmentGuideTESTTests/Info.plist;
				LD_RUNPATH_SEARCH_PATHS = (
					"$(inherited)",
					"@executable_path/Frameworks",
					"@loader_path/Frameworks",
				);
				PRODUCT_BUNDLE_IDENTIFIER = com.alejandra.GarmentGuideTESTTests;
				PRODUCT_NAME = "$(TARGET_NAME)";
				SWIFT_VERSION = 4.2;
				TARGETED_DEVICE_FAMILY = "1,2";
				TEST_HOST = "$(BUILT_PRODUCTS_DIR)/GarmentGuideTEST.app/GarmentGuideTEST";
			};
			name = Release;
		};
/* End XCBuildConfiguration section */

/* Begin XCConfigurationList section */
		01B6CD2E2225DAFB00A71469 /* Build configuration list for PBXProject "GarmentGuideTEST" */ = {
			isa = XCConfigurationList;
			buildConfigurations = (
				01B6CD4E2225DAFC00A71469 /* Debug */,
				01B6CD4F2225DAFC00A71469 /* Release */,
			);
			defaultConfigurationIsVisible = 0;
			defaultConfigurationName = Release;
		};
		01B6CD502225DAFC00A71469 /* Build configuration list for PBXNativeTarget "GarmentGuideTEST" */ = {
			isa = XCConfigurationList;
			buildConfigurations = (
				01B6CD512225DAFC00A71469 /* Debug */,
				01B6CD522225DAFC00A71469 /* Release */,
			);
			defaultConfigurationIsVisible = 0;
			defaultConfigurationName = Release;
		};
		01B6CD532225DAFC00A71469 /* Build configuration list for PBXNativeTarget "GarmentGuideTESTTests" */ = {
			isa = XCConfigurationList;
			buildConfigurations = (
				01B6CD542225DAFC00A71469 /* Debug */,
				01B6CD552225DAFC00A71469 /* Release */,
			);
			defaultConfigurationIsVisible = 0;
			defaultConfigurationName = Release;
		};
/* End XCConfigurationList section */
	};
	rootObject = 01B6CD2B2225DAFB00A71469 /* Project object */;
}
